{
	"name": "@cssfn/css-config",
	"version": "2.0.0",
	"lockfileVersion": 2,
	"requires": true,
	"packages": {
		"": {
			"name": "@cssfn/css-config",
			"version": "2.0.0",
			"license": "ISC",
			"dependencies": {
				"rxjs": "^7.5.5"
			}
		},
		"../css-selectors": {
			"name": "@cssfn/css-selectors",
			"version": "2.0.0",
			"extraneous": true,
			"license": "ISC",
			"dependencies": {
				"@cssfn/types": "^2.0.0"
			}
		},
		"../css-types": {
			"name": "@cssfn/css-types",
			"version": "2.0.0",
			"extraneous": true,
			"license": "ISC",
			"dependencies": {
				"@cssfn/types": "^2.0.0",
				"csstype": "^3.0.11"
			}
		},
		"../cssfn": {
			"name": "@cssfn/cssfn",
			"version": "2.0.0",
			"extraneous": true,
			"license": "ISC",
			"dependencies": {
				"@cssfn/css-selectors": "^2.0.0",
				"@cssfn/css-types": "^2.0.0",
				"@cssfn/types": "^2.0.0",
				"@types/hyphenate-style-name": "^1.0.0",
				"camel-case": "^4.1.2",
				"css-vendor": "^2.0.8",
				"hyphenate-style-name": "^1.0.4",
				"is-in-browser": "^2.0.0",
				"pascal-case": "^3.1.2",
				"rxjs": "^7.5.5",
				"tiny-warning": "^1.0.3"
			},
			"devDependencies": {
				"@types/jsdom": "^16.2.14",
				"jsdom": "^19.0.0"
			}
		},
		"../types": {
			"name": "@cssfn/types",
			"version": "2.0.0",
			"extraneous": true,
			"license": "ISC"
		},
		"node_modules/rxjs": {
			"version": "7.5.5",
			"resolved": "https://registry.npmjs.org/rxjs/-/rxjs-7.5.5.tgz",
			"integrity": "sha512-sy+H0pQofO95VDmFLzyaw9xNJU4KTRSwQIGM6+iG3SypAtCiLDzpeG8sJrNCWn2Up9km+KhkvTdbkrdy+yzZdw==",
			"dependencies": {
				"tslib": "^2.1.0"
			}
		},
		"node_modules/tslib": {
			"version": "2.4.0",
			"resolved": "https://registry.npmjs.org/tslib/-/tslib-2.4.0.tgz",
			"integrity": "sha512-d6xOpEDfsi2CZVlPQzGeux8XMwLT9hssAsaPYExaQMuYskwb+x1x7J371tWlbBdWHroy99KnVB6qIkUbs5X3UQ=="
		}
	},
	"dependencies": {
		"rxjs": {
			"version": "7.5.5",
			"resolved": "https://registry.npmjs.org/rxjs/-/rxjs-7.5.5.tgz",
			"integrity": "sha512-sy+H0pQofO95VDmFLzyaw9xNJU4KTRSwQIGM6+iG3SypAtCiLDzpeG8sJrNCWn2Up9km+KhkvTdbkrdy+yzZdw==",
			"requires": {
				"tslib": "^2.1.0"
			}
		},
		"tslib": {
			"version": "2.4.0",
			"resolved": "https://registry.npmjs.org/tslib/-/tslib-2.4.0.tgz",
			"integrity": "sha512-d6xOpEDfsi2CZVlPQzGeux8XMwLT9hssAsaPYExaQMuYskwb+x1x7J371tWlbBdWHroy99KnVB6qIkUbs5X3UQ=="
		}
	}
}
