{
	"name": "@cssfn/dom",
	"version": "2.0.0",
	"lockfileVersion": 2,
	"requires": true,
	"packages": {
		"": {
			"name": "@cssfn/dom",
			"version": "2.0.0",
			"license": "ISC",
			"dependencies": {
				"is-in-browser": "^2.0.0"
			}
		},
		"../css-selectors": {
			"name": "@cssfn/css-selectors",
			"version": "2.0.0",
			"extraneous": true,
			"license": "ISC",
			"dependencies": {
				"@cssfn/types": "^2.0.0"
			}
		},
		"../cssfn": {
			"name": "@cssfn/cssfn",
			"version": "2.0.0",
			"extraneous": true,
			"license": "ISC",
			"dependencies": {
				"@cssfn/css-selectors": "^2.0.0",
				"@cssfn/types": "^2.0.0",
				"@types/hyphenate-style-name": "^1.0.0",
				"camel-case": "^4.1.2",
				"hyphenate-style-name": "^1.0.4",
				"is-in-browser": "^2.0.0",
				"pascal-case": "^3.1.2",
				"rxjs": "^7.5.5",
				"tiny-warning": "^1.0.3"
			}
		},
		"../types": {
			"name": "@cssfn/types",
			"version": "2.0.0",
			"extraneous": true,
			"license": "ISC"
		},
		"node_modules/is-in-browser": {
			"version": "2.0.0",
			"resolved": "https://registry.npmjs.org/is-in-browser/-/is-in-browser-2.0.0.tgz",
			"integrity": "sha512-/NUv5pqj+krUJalhGpj0lyy+x7vrD9jt1PlAfkoIDEXqE+xZgFJ4FU8e9m99WuHbCqsBZVf+nzvAjNso+SO80A=="
		}
	},
	"dependencies": {
		"is-in-browser": {
			"version": "2.0.0",
			"resolved": "https://registry.npmjs.org/is-in-browser/-/is-in-browser-2.0.0.tgz",
			"integrity": "sha512-/NUv5pqj+krUJalhGpj0lyy+x7vrD9jt1PlAfkoIDEXqE+xZgFJ4FU8e9m99WuHbCqsBZVf+nzvAjNso+SO80A=="
		}
	}
}
