{
	"name": "@cssfn/cssfn",
	"version": "2.0.0",
	"lockfileVersion": 2,
	"requires": true,
	"packages": {
		"": {
			"name": "@cssfn/cssfn",
			"version": "2.0.0",
			"license": "ISC",
			"dependencies": {
				"is-in-browser": "^2.0.0"
			}
		},
		"../css-types": {
			"name": "@cssfn/css-types",
			"version": "2.0.0",
			"extraneous": true,
			"license": "ISC",
			"dependencies": {
				"@cssfn/types": "^2.0.0",
				"csstype": "^3.0.11"
			}
		},
		"../types": {
			"name": "@cssfn/types",
			"version": "2.0.0",
			"extraneous": true,
			"license": "ISC"
		},
		"node_modules/is-in-browser": {
			"version": "2.0.0",
			"resolved": "https://registry.npmjs.org/is-in-browser/-/is-in-browser-2.0.0.tgz",
			"integrity": "sha512-/NUv5pqj+krUJalhGpj0lyy+x7vrD9jt1PlAfkoIDEXqE+xZgFJ4FU8e9m99WuHbCqsBZVf+nzvAjNso+SO80A=="
		}
	},
	"dependencies": {
		"is-in-browser": {
			"version": "2.0.0",
			"resolved": "https://registry.npmjs.org/is-in-browser/-/is-in-browser-2.0.0.tgz",
			"integrity": "sha512-/NUv5pqj+krUJalhGpj0lyy+x7vrD9jt1PlAfkoIDEXqE+xZgFJ4FU8e9m99WuHbCqsBZVf+nzvAjNso+SO80A=="
		}
	}
}
