{
	"name": "@cssfn/cssfn",
	"version": "2.0.0",
	"lockfileVersion": 2,
	"requires": true,
	"packages": {
		"": {
			"name": "@cssfn/cssfn",
			"version": "2.0.0",
			"license": "ISC",
			"dependencies": {
				"@types/hyphenate-style-name": "^1.0.0",
				"camel-case": "^4.1.2",
				"hyphenate-style-name": "^1.0.4",
				"is-in-browser": "^2.0.0",
				"pascal-case": "^3.1.2",
				"rxjs": "^7.5.5",
				"tiny-warning": "^1.0.3"
			}
		},
		"../css-types": {
			"name": "@cssfn/css-types",
			"version": "2.0.0",
			"extraneous": true,
			"license": "ISC",
			"dependencies": {
				"@cssfn/types": "^2.0.0",
				"csstype": "^3.0.11"
			}
		},
		"../types": {
			"name": "@cssfn/types",
			"version": "2.0.0",
			"extraneous": true,
			"license": "ISC"
		},
		"node_modules/@types/hyphenate-style-name": {
			"version": "1.0.0",
			"resolved": "https://registry.npmjs.org/@types/hyphenate-style-name/-/hyphenate-style-name-1.0.0.tgz",
			"integrity": "sha512-sjO5w5XZTF2zKepC9ZOv8e0K6n5JVuCjhD/9WRxsDTJTX7Oz3APlN5Arsio8cFj/zrHBqv8jIKBuUOVIr9ckUQ=="
		},
		"node_modules/camel-case": {
			"version": "4.1.2",
			"resolved": "https://registry.npmjs.org/camel-case/-/camel-case-4.1.2.tgz",
			"integrity": "sha512-gxGWBrTT1JuMx6R+o5PTXMmUnhnVzLQ9SNutD4YqKtI6ap897t3tKECYla6gCWEkplXnlNybEkZg9GEGxKFCgw==",
			"dependencies": {
				"pascal-case": "^3.1.2",
				"tslib": "^2.0.3"
			}
		},
		"node_modules/hyphenate-style-name": {
			"version": "1.0.4",
			"resolved": "https://registry.npmjs.org/hyphenate-style-name/-/hyphenate-style-name-1.0.4.tgz",
			"integrity": "sha512-ygGZLjmXfPHj+ZWh6LwbC37l43MhfztxetbFCoYTM2VjkIUpeHgSNn7QIyVFj7YQ1Wl9Cbw5sholVJPzWvC2MQ=="
		},
		"node_modules/is-in-browser": {
			"version": "2.0.0",
			"resolved": "https://registry.npmjs.org/is-in-browser/-/is-in-browser-2.0.0.tgz",
			"integrity": "sha512-/NUv5pqj+krUJalhGpj0lyy+x7vrD9jt1PlAfkoIDEXqE+xZgFJ4FU8e9m99WuHbCqsBZVf+nzvAjNso+SO80A=="
		},
		"node_modules/lower-case": {
			"version": "2.0.2",
			"resolved": "https://registry.npmjs.org/lower-case/-/lower-case-2.0.2.tgz",
			"integrity": "sha512-7fm3l3NAF9WfN6W3JOmf5drwpVqX78JtoGJ3A6W0a6ZnldM41w2fV5D490psKFTpMds8TJse/eHLFFsNHHjHgg==",
			"dependencies": {
				"tslib": "^2.0.3"
			}
		},
		"node_modules/no-case": {
			"version": "3.0.4",
			"resolved": "https://registry.npmjs.org/no-case/-/no-case-3.0.4.tgz",
			"integrity": "sha512-fgAN3jGAh+RoxUGZHTSOLJIqUc2wmoBwGR4tbpNAKmmovFoWq0OdRkb0VkldReO2a2iBT/OEulG9XSUc10r3zg==",
			"dependencies": {
				"lower-case": "^2.0.2",
				"tslib": "^2.0.3"
			}
		},
		"node_modules/pascal-case": {
			"version": "3.1.2",
			"resolved": "https://registry.npmjs.org/pascal-case/-/pascal-case-3.1.2.tgz",
			"integrity": "sha512-uWlGT3YSnK9x3BQJaOdcZwrnV6hPpd8jFH1/ucpiLRPh/2zCVJKS19E4GvYHvaCcACn3foXZ0cLB9Wrx1KGe5g==",
			"dependencies": {
				"no-case": "^3.0.4",
				"tslib": "^2.0.3"
			}
		},
		"node_modules/rxjs": {
			"version": "7.5.5",
			"resolved": "https://registry.npmjs.org/rxjs/-/rxjs-7.5.5.tgz",
			"integrity": "sha512-sy+H0pQofO95VDmFLzyaw9xNJU4KTRSwQIGM6+iG3SypAtCiLDzpeG8sJrNCWn2Up9km+KhkvTdbkrdy+yzZdw==",
			"dependencies": {
				"tslib": "^2.1.0"
			}
		},
		"node_modules/tiny-warning": {
			"version": "1.0.3",
			"resolved": "https://registry.npmjs.org/tiny-warning/-/tiny-warning-1.0.3.tgz",
			"integrity": "sha512-lBN9zLN/oAf68o3zNXYrdCt1kP8WsiGW8Oo2ka41b2IM5JL/S1CTyX1rW0mb/zSuJun0ZUrDxx4sqvYS2FWzPA=="
		},
		"node_modules/tslib": {
			"version": "2.3.1",
			"resolved": "https://registry.npmjs.org/tslib/-/tslib-2.3.1.tgz",
			"integrity": "sha512-77EbyPPpMz+FRFRuAFlWMtmgUWGe9UOG2Z25NqCwiIjRhOf5iKGuzSe5P2w1laq+FkRy4p+PCuVkJSGkzTEKVw=="
		}
	},
	"dependencies": {
		"@types/hyphenate-style-name": {
			"version": "1.0.0",
			"resolved": "https://registry.npmjs.org/@types/hyphenate-style-name/-/hyphenate-style-name-1.0.0.tgz",
			"integrity": "sha512-sjO5w5XZTF2zKepC9ZOv8e0K6n5JVuCjhD/9WRxsDTJTX7Oz3APlN5Arsio8cFj/zrHBqv8jIKBuUOVIr9ckUQ=="
		},
		"camel-case": {
			"version": "4.1.2",
			"resolved": "https://registry.npmjs.org/camel-case/-/camel-case-4.1.2.tgz",
			"integrity": "sha512-gxGWBrTT1JuMx6R+o5PTXMmUnhnVzLQ9SNutD4YqKtI6ap897t3tKECYla6gCWEkplXnlNybEkZg9GEGxKFCgw==",
			"requires": {
				"pascal-case": "^3.1.2",
				"tslib": "^2.0.3"
			}
		},
		"hyphenate-style-name": {
			"version": "1.0.4",
			"resolved": "https://registry.npmjs.org/hyphenate-style-name/-/hyphenate-style-name-1.0.4.tgz",
			"integrity": "sha512-ygGZLjmXfPHj+ZWh6LwbC37l43MhfztxetbFCoYTM2VjkIUpeHgSNn7QIyVFj7YQ1Wl9Cbw5sholVJPzWvC2MQ=="
		},
		"is-in-browser": {
			"version": "2.0.0",
			"resolved": "https://registry.npmjs.org/is-in-browser/-/is-in-browser-2.0.0.tgz",
			"integrity": "sha512-/NUv5pqj+krUJalhGpj0lyy+x7vrD9jt1PlAfkoIDEXqE+xZgFJ4FU8e9m99WuHbCqsBZVf+nzvAjNso+SO80A=="
		},
		"lower-case": {
			"version": "2.0.2",
			"resolved": "https://registry.npmjs.org/lower-case/-/lower-case-2.0.2.tgz",
			"integrity": "sha512-7fm3l3NAF9WfN6W3JOmf5drwpVqX78JtoGJ3A6W0a6ZnldM41w2fV5D490psKFTpMds8TJse/eHLFFsNHHjHgg==",
			"requires": {
				"tslib": "^2.0.3"
			}
		},
		"no-case": {
			"version": "3.0.4",
			"resolved": "https://registry.npmjs.org/no-case/-/no-case-3.0.4.tgz",
			"integrity": "sha512-fgAN3jGAh+RoxUGZHTSOLJIqUc2wmoBwGR4tbpNAKmmovFoWq0OdRkb0VkldReO2a2iBT/OEulG9XSUc10r3zg==",
			"requires": {
				"lower-case": "^2.0.2",
				"tslib": "^2.0.3"
			}
		},
		"pascal-case": {
			"version": "3.1.2",
			"resolved": "https://registry.npmjs.org/pascal-case/-/pascal-case-3.1.2.tgz",
			"integrity": "sha512-uWlGT3YSnK9x3BQJaOdcZwrnV6hPpd8jFH1/ucpiLRPh/2zCVJKS19E4GvYHvaCcACn3foXZ0cLB9Wrx1KGe5g==",
			"requires": {
				"no-case": "^3.0.4",
				"tslib": "^2.0.3"
			}
		},
		"rxjs": {
			"version": "7.5.5",
			"resolved": "https://registry.npmjs.org/rxjs/-/rxjs-7.5.5.tgz",
			"integrity": "sha512-sy+H0pQofO95VDmFLzyaw9xNJU4KTRSwQIGM6+iG3SypAtCiLDzpeG8sJrNCWn2Up9km+KhkvTdbkrdy+yzZdw==",
			"requires": {
				"tslib": "^2.1.0"
			}
		},
		"tiny-warning": {
			"version": "1.0.3",
			"resolved": "https://registry.npmjs.org/tiny-warning/-/tiny-warning-1.0.3.tgz",
			"integrity": "sha512-lBN9zLN/oAf68o3zNXYrdCt1kP8WsiGW8Oo2ka41b2IM5JL/S1CTyX1rW0mb/zSuJun0ZUrDxx4sqvYS2FWzPA=="
		},
		"tslib": {
			"version": "2.3.1",
			"resolved": "https://registry.npmjs.org/tslib/-/tslib-2.3.1.tgz",
			"integrity": "sha512-77EbyPPpMz+FRFRuAFlWMtmgUWGe9UOG2Z25NqCwiIjRhOf5iKGuzSe5P2w1laq+FkRy4p+PCuVkJSGkzTEKVw=="
		}
	}
}
