{
	"name": "@cssfn/css-var",
	"version": "2.0.2",
	"lockfileVersion": 2,
	"requires": true,
	"packages": {
		"": {
			"name": "@cssfn/css-var",
			"version": "2.0.0",
			"license": "ISC",
			"dependencies": {
				"is-in-browser": "^2.0.0",
				"tiny-warning": "^1.0.3"
			}
		},
		"../css-types": {
			"name": "@cssfn/css-types",
			"version": "2.0.0",
			"extraneous": true,
			"license": "ISC",
			"dependencies": {
				"@cssfn/types": "^2.0.0",
				"csstype": "^3.0.11"
			}
		},
		"../types": {
			"name": "@cssfn/types",
			"version": "2.0.0",
			"extraneous": true,
			"license": "ISC"
		},
		"node_modules/is-in-browser": {
			"version": "2.0.0",
			"resolved": "https://registry.npmjs.org/is-in-browser/-/is-in-browser-2.0.0.tgz",
			"integrity": "sha512-/NUv5pqj+krUJalhGpj0lyy+x7vrD9jt1PlAfkoIDEXqE+xZgFJ4FU8e9m99WuHbCqsBZVf+nzvAjNso+SO80A=="
		},
		"node_modules/tiny-warning": {
			"version": "1.0.3",
			"resolved": "https://registry.npmjs.org/tiny-warning/-/tiny-warning-1.0.3.tgz",
			"integrity": "sha512-lBN9zLN/oAf68o3zNXYrdCt1kP8WsiGW8Oo2ka41b2IM5JL/S1CTyX1rW0mb/zSuJun0ZUrDxx4sqvYS2FWzPA=="
		}
	},
	"dependencies": {
		"is-in-browser": {
			"version": "2.0.0",
			"resolved": "https://registry.npmjs.org/is-in-browser/-/is-in-browser-2.0.0.tgz",
			"integrity": "sha512-/NUv5pqj+krUJalhGpj0lyy+x7vrD9jt1PlAfkoIDEXqE+xZgFJ4FU8e9m99WuHbCqsBZVf+nzvAjNso+SO80A=="
		},
		"tiny-warning": {
			"version": "1.0.3",
			"resolved": "https://registry.npmjs.org/tiny-warning/-/tiny-warning-1.0.3.tgz",
			"integrity": "sha512-lBN9zLN/oAf68o3zNXYrdCt1kP8WsiGW8Oo2ka41b2IM5JL/S1CTyX1rW0mb/zSuJun0ZUrDxx4sqvYS2FWzPA=="
		}
	}
}
